
Microsoft Visual Studio Solution File, Format Version 12.00
# Visual Studio Version 16
VisualStudioVersion = 16.0.31129.286
MinimumVisualStudioVersion = 10.0.40219.1
Project("{FAE04EC0-301F-11D3-BF4B-00C04F79EFBC}") = "WpfApp", "WpfApp\WpfApp.csproj", "{856C32E6-EEED-4637-A6E2-113FA2DFB60A}"
	ProjectSection(ProjectDependencies) = postProject
		{F3ACE4B5-AA2C-4F9F-9C77-3D987E940F97} = {F3ACE4B5-AA2C-4F9F-9C77-3D987E940F97}
	EndProjectSection
EndProject
Project("{FAE04EC0-301F-11D3-BF4B-00C04F79EFBC}") = "WcfWeb", "WcfWeb\WcfWeb.csproj", "{F3ACE4B5-AA2C-4F9F-9C77-3D987E940F97}"
EndProject
Global
	GlobalSection(SolutionConfigurationPlatforms) = preSolution
		Debug|Any CPU = Debug|Any CPU
		Release|Any CPU = Release|Any CPU
	EndGlobalSection
	GlobalSection(ProjectConfigurationPlatforms) = postSolution
		{856C32E6-EEED-4637-A6E2-113FA2DFB60A}.Debug|Any CPU.ActiveCfg = Debug|Any CPU
		{856C32E6-EEED-4637-A6E2-113FA2DFB60A}.Debug|Any CPU.Build.0 = Debug|Any CPU
		{856C32E6-EEED-4637-A6E2-113FA2DFB60A}.Release|Any CPU.ActiveCfg = Release|Any CPU
		{856C32E6-EEED-4637-A6E2-113FA2DFB60A}.Release|Any CPU.Build.0 = Release|Any CPU
		{F3ACE4B5-AA2C-4F9F-9C77-3D987E940F97}.Debug|Any CPU.ActiveCfg = Debug|Any CPU
		{F3ACE4B5-AA2C-4F9F-9C77-3D987E940F97}.Debug|Any CPU.Build.0 = Debug|Any CPU
		{F3ACE4B5-AA2C-4F9F-9C77-3D987E940F97}.Release|Any CPU.ActiveCfg = Release|Any CPU
		{F3ACE4B5-AA2C-4F9F-9C77-3D987E940F97}.Release|Any CPU.Build.0 = Release|Any CPU
	EndGlobalSection
	GlobalSection(SolutionProperties) = preSolution
		HideSolutionNode = FALSE
	EndGlobalSection
	GlobalSection(ExtensibilityGlobals) = postSolution
		SolutionGuid = {74DFB4E1-5BE5-42F5-AE53-4918DF1C4864}
	EndGlobalSection
EndGlobal
